
Microsoft Visual Studio Solution File, Format Version 12.00
# Visual Studio Version 16
VisualStudioVersion = 16.0.31515.178
MinimumVisualStudioVersion = 10.0.40219.1
Project("{FAE04EC0-301F-11D3-BF4B-00C04F79EFBC}") = "Dindin.Dominio", "Dindin.Dominio\Dindin.Dominio.csproj", "{B3C12F9A-DDC0-4B28-BEB8-0BFF73C85D89}"
EndProject
Project("{FAE04EC0-301F-11D3-BF4B-00C04F79EFBC}") = "Dindin.Web", "Dindin.Web\Dindin.Web.csproj", "{4CD9B0C3-C993-437D-BAEF-29F9D4A58799}"
EndProject
Global
	GlobalSection(SolutionConfigurationPlatforms) = preSolution
		Debug|Any CPU = Debug|Any CPU
		Release|Any CPU = Release|Any CPU
	EndGlobalSection
	GlobalSection(ProjectConfigurationPlatforms) = postSolution
		{B3C12F9A-DDC0-4B28-BEB8-0BFF73C85D89}.Debug|Any CPU.ActiveCfg = Debug|Any CPU
		{B3C12F9A-DDC0-4B28-BEB8-0BFF73C85D89}.Debug|Any CPU.Build.0 = Debug|Any CPU
		{B3C12F9A-DDC0-4B28-BEB8-0BFF73C85D89}.Release|Any CPU.ActiveCfg = Release|Any CPU
		{B3C12F9A-DDC0-4B28-BEB8-0BFF73C85D89}.Release|Any CPU.Build.0 = Release|Any CPU
		{4CD9B0C3-C993-437D-BAEF-29F9D4A58799}.Debug|Any CPU.ActiveCfg = Debug|Any CPU
		{4CD9B0C3-C993-437D-BAEF-29F9D4A58799}.Debug|Any CPU.Build.0 = Debug|Any CPU
		{4CD9B0C3-C993-437D-BAEF-29F9D4A58799}.Release|Any CPU.ActiveCfg = Release|Any CPU
		{4CD9B0C3-C993-437D-BAEF-29F9D4A58799}.Release|Any CPU.Build.0 = Release|Any CPU
	EndGlobalSection
	GlobalSection(SolutionProperties) = preSolution
		HideSolutionNode = FALSE
	EndGlobalSection
	GlobalSection(ExtensibilityGlobals) = postSolution
		SolutionGuid = {711165BB-24A2-4B75-9969-72AA8B5381AE}
	EndGlobalSection
EndGlobal
